// !$*UTF8*$!
{
	archiveVersion = 1;
	classes = {
	};
	objectVersion = 55;
	objects = {

/* Begin PBXBuildFile section */
		D32C3BFF2963DB7E00C91A1A /* BankAccountCollectionViewCell.swift in Sources */ = {isa = PBXBuildFile; fileRef = D32C3BFD2963DB7E00C91A1A /* BankAccountCollectionViewCell.swift */; };
		D32C3C002963DB7E00C91A1A /* BankAccountCollectionViewCell.xib in Resources */ = {isa = PBXBuildFile; fileRef = D32C3BFE2963DB7E00C91A1A /* BankAccountCollectionViewCell.xib */; };
		D37000BA1FF9CFFA00EAAB10 /* AppDelegate.swift in Sources */ = {isa = PBXBuildFile; fileRef = D37000B91FF9CFFA00EAAB10 /* AppDelegate.swift */; };
		D37000BC1FF9CFFA00EAAB10 /* SceneDelegate.swift in Sources */ = {isa = PBXBuildFile; fileRef = D37000BB1FF9CFFA00EAAB10 /* SceneDelegate.swift */; };
		D37000C11FF9CFFA00EAAB10 /* Main.storyboard in Resources */ = {isa = PBXBuildFile; fileRef = D37000BF1FF9CFFA00EAAB10 /* Main.storyboard */; };
		D37000C31FF9CFFB00EAAB10 /* Assets.xcassets in Resources */ = {isa = PBXBuildFile; fileRef = D37000C21FF9CFFB00EAAB10 /* Assets.xcassets */; };
		D37000C61FF9CFFB00EAAB10 /* LaunchScreen.storyboard in Resources */ = {isa = PBXBuildFile; fileRef = D37000C41FF9CFFB00EAAB10 /* LaunchScreen.storyboard */; };
		D37000CE1FF9D0BC00EAAB10 /* CollectionViewController.swift in Sources */ = {isa = PBXBuildFile; fileRef = D37000CD1FF9D0BC00EAAB10 /* CollectionViewController.swift */; };
/* End PBXBuildFile section */

/* Begin PBXFileReference section */
		D32C3BFD2963DB7E00C91A1A /* BankAccountCollectionViewCell.swift */ = {isa = PBXFileReference; lastKnownFileType = sourcecode.swift; path = BankAccountCollectionViewCell.swift; sourceTree = "<group>"; };
		D32C3BFE2963DB7E00C91A1A /* BankAccountCollectionViewCell.xib */ = {isa = PBXFileReference; lastKnownFileType = file.xib; path = BankAccountCollectionViewCell.xib; sourceTree = "<group>"; };
		D37000B61FF9CFFA00EAAB10 /* collectionView.app */ = {isa = PBXFileReference; explicitFileType = wrapper.application; includeInIndex = 0; path = collectionView.app; sourceTree = BUILT_PRODUCTS_DIR; };
		D37000B91FF9CFFA00EAAB10 /* AppDelegate.swift */ = {isa = PBXFileReference; lastKnownFileType = sourcecode.swift; path = AppDelegate.swift; sourceTree = "<group>"; };
		D37000BB1FF9CFFA00EAAB10 /* SceneDelegate.swift */ = {isa = PBXFileReference; lastKnownFileType = sourcecode.swift; path = SceneDelegate.swift; sourceTree = "<group>"; };
		D37000C01FF9CFFA00EAAB10 /* Base */ = {isa = PBXFileReference; lastKnownFileType = file.storyboard; name = Base; path = Base.lproj/Main.storyboard; sourceTree = "<group>"; };
		D37000C21FF9CFFB00EAAB10 /* Assets.xcassets */ = {isa = PBXFileReference; lastKnownFileType = folder.assetcatalog; path = Assets.xcassets; sourceTree = "<group>"; };
		D37000C51FF9CFFB00EAAB10 /* Base */ = {isa = PBXFileReference; lastKnownFileType = file.storyboard; name = Base; path = Base.lproj/LaunchScreen.storyboard; sourceTree = "<group>"; };
		D37000C71FF9CFFB00EAAB10 /* Info.plist */ = {isa = PBXFileReference; lastKnownFileType = text.plist.xml; path = Info.plist; sourceTree = "<group>"; };
		D37000CD1FF9D0BC00EAAB10 /* CollectionViewController.swift */ = {isa = PBXFileReference; lastKnownFileType = sourcecode.swift; path = CollectionViewController.swift; sourceTree = "<group>"; };
/* End PBXFileReference section */

/* Begin PBXFrameworksBuildPhase section */
		D37000B31FF9CFFA00EAAB10 /* Frameworks */ = {
			isa = PBXFrameworksBuildPhase;
			buildActionMask = 2147483647;
			files = (
			);
			runOnlyForDeploymentPostprocessing = 0;
		};
/* End PBXFrameworksBuildPhase section */

/* Begin PBXGroup section */
		D32CB5962967BA0400B9E36A /* CodingFile */ = {
			isa = PBXGroup;
			children = (
				D37000CD1FF9D0BC00EAAB10 /* CollectionViewController.swift */,
				D32C3BFD2963DB7E00C91A1A /* BankAccountCollectionViewCell.swift */,
			);
			path = CodingFile;
			sourceTree = "<group>";
		};
		D32CB5972967BA2D00B9E36A /* viewCantroler */ = {
			isa = PBXGroup;
			children = (
				D32C3BFE2963DB7E00C91A1A /* BankAccountCollectionViewCell.xib */,
				D37000BF1FF9CFFA00EAAB10 /* Main.storyboard */,
			);
			path = viewCantroler;
			sourceTree = "<group>";
		};
		D37000AD1FF9CFFA00EAAB10 = {
			isa = PBXGroup;
			children = (
				D37000B81FF9CFFA00EAAB10 /* collectionView */,
				D37000B71FF9CFFA00EAAB10 /* Products */,
			);
			sourceTree = "<group>";
		};
		D37000B71FF9CFFA00EAAB10 /* Products */ = {
			isa = PBXGroup;
			children = (
				D37000B61FF9CFFA00EAAB10 /* collectionView.app */,
			);
			name = Products;
			sourceTree = "<group>";
		};
		D37000B81FF9CFFA00EAAB10 /* collectionView */ = {
			isa = PBXGroup;
			children = (
				D37000B91FF9CFFA00EAAB10 /* AppDelegate.swift */,
				D37000BB1FF9CFFA00EAAB10 /* SceneDelegate.swift */,
				D32CB5962967BA0400B9E36A /* CodingFile */,
				D32CB5972967BA2D00B9E36A /* viewCantroler */,
				D37000C21FF9CFFB00EAAB10 /* Assets.xcassets */,
				D37000C41FF9CFFB00EAAB10 /* LaunchScreen.storyboard */,
				D37000C71FF9CFFB00EAAB10 /* Info.plist */,
			);
			path = collectionView;
			sourceTree = "<group>";
		};
/* End PBXGroup section */

/* Begin PBXNativeTarget section */
		D37000B51FF9CFFA00EAAB10 /* collectionView */ = {
			isa = PBXNativeTarget;
			buildConfigurationList = D37000CA1FF9CFFB00EAAB10 /* Build configuration list for PBXNativeTarget "collectionView" */;
			buildPhases = (
				D37000B21FF9CFFA00EAAB10 /* Sources */,
				D37000B31FF9CFFA00EAAB10 /* Frameworks */,
				D37000B41FF9CFFA00EAAB10 /* Resources */,
			);
			buildRules = (
			);
			dependencies = (
			);
			name = collectionView;
			productName = collectionView;
			productReference = D37000B61FF9CFFA00EAAB10 /* collectionView.app */;
			productType = "com.apple.product-type.application";
		};
/* End PBXNativeTarget section */

/* Begin PBXProject section */
		D37000AE1FF9CFFA00EAAB10 /* Project object */ = {
			isa = PBXProject;
			attributes = {
				BuildIndependentTargetsInParallel = 1;
				LastSwiftUpdateCheck = 1300;
				LastUpgradeCheck = 1300;
				TargetAttributes = {
					D37000B51FF9CFFA00EAAB10 = {
						CreatedOnToolsVersion = 13.0;
					};
				};
			};
			buildConfigurationList = D37000B11FF9CFFA00EAAB10 /* Build configuration list for PBXProject "collectionView" */;
			compatibilityVersion = "Xcode 13.0";
			developmentRegion = en;
			hasScannedForEncodings = 0;
			knownRegions = (
				en,
				Base,
			);
			mainGroup = D37000AD1FF9CFFA00EAAB10;
			productRefGroup = D37000B71FF9CFFA00EAAB10 /* Products */;
			projectDirPath = "";
			projectRoot = "";
			targets = (
				D37000B51FF9CFFA00EAAB10 /* collectionView */,
			);
		};
/* End PBXProject section */

/* Begin PBXResourcesBuildPhase section */
		D37000B41FF9CFFA00EAAB10 /* Resources */ = {
			isa = PBXResourcesBuildPhase;
			buildActionMask = 2147483647;
			files = (
				D37000C61FF9CFFB00EAAB10 /* LaunchScreen.storyboard in Resources */,
				D37000C31FF9CFFB00EAAB10 /* Assets.xcassets in Resources */,
				D32C3C002963DB7E00C91A1A /* BankAccountCollectionViewCell.xib in Resources */,
				D37000C11FF9CFFA00EAAB10 /* Main.storyboard in Resources */,
			);
			runOnlyForDeploymentPostprocessing = 0;
		};
/* End PBXResourcesBuildPhase section */

/* Begin PBXSourcesBuildPhase section */
		D37000B21FF9CFFA00EAAB10 /* Sources */ = {
			isa = PBXSourcesBuildPhase;
			buildActionMask = 2147483647;
			files = (
				D37000BA1FF9CFFA00EAAB10 /* AppDelegate.swift in Sources */,
				D37000BC1FF9CFFA00EAAB10 /* SceneDelegate.swift in Sources */,
				D32C3BFF2963DB7E00C91A1A /* BankAccountCollectionViewCell.swift in Sources */,
				D37000CE1FF9D0BC00EAAB10 /* CollectionViewController.swift in Sources */,
			);
			runOnlyForDeploymentPostprocessing = 0;
		};
/* End PBXSourcesBuildPhase section */

/* Begin PBXVariantGroup section */
		D37000BF1FF9CFFA00EAAB10 /* Main.storyboard */ = {
			isa = PBXVariantGroup;
			children = (
				D37000C01FF9CFFA00EAAB10 /* Base */,
			);
			name = Main.storyboard;
			sourceTree = "<group>";
		};
		D37000C41FF9CFFB00EAAB10 /* LaunchScreen.storyboard */ = {
			isa = PBXVariantGroup;
			children = (
				D37000C51FF9CFFB00EAAB10 /* Base */,
			);
			name = LaunchScreen.storyboard;
			sourceTree = "<group>";
		};
/* End PBXVariantGroup section */

/* Begin XCBuildConfiguration section */
		D37000C81FF9CFFB00EAAB10 /* Debug */ = {
			isa = XCBuildConfiguration;
			buildSettings = {
				ALWAYS_SEARCH_USER_PATHS = NO;
				CLANG_ANALYZER_NONNULL = YES;
				CLANG_ANALYZER_NUMBER_OBJECT_CONVERSION = YES_AGGRESSIVE;
				CLANG_CXX_LANGUAGE_STANDARD = "gnu++17";
				CLANG_CXX_LIBRARY = "libc++";
				CLANG_ENABLE_MODULES = YES;
				CLANG_ENABLE_OBJC_ARC = YES;
				CLANG_ENABLE_OBJC_WEAK = YES;
				CLANG_WARN_BLOCK_CAPTURE_AUTORELEASING = YES;
				CLANG_WARN_BOOL_CONVERSION = YES;
				CLANG_WARN_COMMA = YES;
				CLANG_WARN_CONSTANT_CONVERSION = YES;
				CLANG_WARN_DEPRECATED_OBJC_IMPLEMENTATIONS = YES;
				CLANG_WARN_DIRECT_OBJC_ISA_USAGE = YES_ERROR;
				CLANG_WARN_DOCUMENTATION_COMMENTS = YES;
				CLANG_WARN_EMPTY_BODY = YES;
				CLANG_WARN_ENUM_CONVERSION = YES;
				CLANG_WARN_INFINITE_RECURSION = YES;
				CLANG_WARN_INT_CONVERSION = YES;
				CLANG_WARN_NON_LITERAL_NULL_CONVERSION = YES;
				CLANG_WARN_OBJC_IMPLICIT_RETAIN_SELF = YES;
				CLANG_WARN_OBJC_LITERAL_CONVERSION = YES;
				CLANG_WARN_OBJC_ROOT_CLASS = YES_ERROR;
				CLANG_WARN_QUOTED_INCLUDE_IN_FRAMEWORK_HEADER = YES;
				CLANG_WARN_RANGE_LOOP_ANALYSIS = YES;
				CLANG_WARN_STRICT_PROTOTYPES = YES;
				CLANG_WARN_SUSPICIOUS_MOVE = YES;
				CLANG_WARN_UNGUARDED_AVAILABILITY = YES_AGGRESSIVE;
				CLANG_WARN_UNREACHABLE_CODE = YES;
				CLANG_WARN__DUPLICATE_METHOD_MATCH = YES;
				COPY_PHASE_STRIP = NO;
				DEBUG_INFORMATION_FORMAT = dwarf;
				ENABLE_STRICT_OBJC_MSGSEND = YES;
				ENABLE_TESTABILITY = YES;
				GCC_C_LANGUAGE_STANDARD = gnu11;
				GCC_DYNAMIC_NO_PIC = NO;
				GCC_NO_COMMON_BLOCKS = YES;
				GCC_OPTIMIZATION_LEVEL = 0;
				GCC_PREPROCESSOR_DEFINITIONS = (
					"DEBUG=1",
					"$(inherited)",
				);
				GCC_WARN_64_TO_32_BIT_CONVERSION = YES;
				GCC_WARN_ABOUT_RETURN_TYPE = YES_ERROR;
				GCC_WARN_UNDECLARED_SELECTOR = YES;
				GCC_WARN_UNINITIALIZED_AUTOS = YES_AGGRESSIVE;
				GCC_WARN_UNUSED_FUNCTION = YES;
				GCC_WARN_UNUSED_VARIABLE = YES;
				IPHONEOS_DEPLOYMENT_TARGET = 15.0;
				MTL_ENABLE_DEBUG_INFO = INCLUDE_SOURCE;
				MTL_FAST_MATH = YES;
				ONLY_ACTIVE_ARCH = YES;
				SDKROOT = iphoneos;
				SWIFT_ACTIVE_COMPILATION_CONDITIONS = DEBUG;
				SWIFT_OPTIMIZATION_LEVEL = "-Onone";
			};
			name = Debug;
		};
		D37000C91FF9CFFB00EAAB10 /* Release */ = {
			isa = XCBuildConfiguration;
			buildSettings = {
				ALWAYS_SEARCH_USER_PATHS = NO;
				CLANG_ANALYZER_NONNULL = YES;
				CLANG_ANALYZER_NUMBER_OBJECT_CONVERSION = YES_AGGRESSIVE;
				CLANG_CXX_LANGUAGE_STANDARD = "gnu++17";
				CLANG_CXX_LIBRARY = "libc++";
				CLANG_ENABLE_MODULES = YES;
				CLANG_ENABLE_OBJC_ARC = YES;
				CLANG_ENABLE_OBJC_WEAK = YES;
				CLANG_WARN_BLOCK_CAPTURE_AUTORELEASING = YES;
				CLANG_WARN_BOOL_CONVERSION = YES;
				CLANG_WARN_COMMA = YES;
				CLANG_WARN_CONSTANT_CONVERSION = YES;
				CLANG_WARN_DEPRECATED_OBJC_IMPLEMENTATIONS = YES;
				CLANG_WARN_DIRECT_OBJC_ISA_USAGE = YES_ERROR;
				CLANG_WARN_DOCUMENTATION_COMMENTS = YES;
				CLANG_WARN_EMPTY_BODY = YES;
				CLANG_WARN_ENUM_CONVERSION = YES;
				CLANG_WARN_INFINITE_RECURSION = YES;
				CLANG_WARN_INT_CONVERSION = YES;
				CLANG_WARN_NON_LITERAL_NULL_CONVERSION = YES;
				CLANG_WARN_OBJC_IMPLICIT_RETAIN_SELF = YES;
				CLANG_WARN_OBJC_LITERAL_CONVERSION = YES;
				CLANG_WARN_OBJC_ROOT_CLASS = YES_ERROR;
				CLANG_WARN_QUOTED_INCLUDE_IN_FRAMEWORK_HEADER = YES;
				CLANG_WARN_RANGE_LOOP_ANALYSIS = YES;
				CLANG_WARN_STRICT_PROTOTYPES = YES;
				CLANG_WARN_SUSPICIOUS_MOVE = YES;
				CLANG_WARN_UNGUARDED_AVAILABILITY = YES_AGGRESSIVE;
				CLANG_WARN_UNREACHABLE_CODE = YES;
				CLANG_WARN__DUPLICATE_METHOD_MATCH = YES;
				COPY_PHASE_STRIP = NO;
				DEBUG_INFORMATION_FORMAT = "dwarf-with-dsym";
				ENABLE_NS_ASSERTIONS = NO;
				ENABLE_STRICT_OBJC_MSGSEND = YES;
				GCC_C_LANGUAGE_STANDARD = gnu11;
				GCC_NO_COMMON_BLOCKS = YES;
				GCC_WARN_64_TO_32_BIT_CONVERSION = YES;
				GCC_WARN_ABOUT_RETURN_TYPE = YES_ERROR;
				GCC_WARN_UNDECLARED_SELECTOR = YES;
				GCC_WARN_UNINITIALIZED_AUTOS = YES_AGGRESSIVE;
				GCC_WARN_UNUSED_FUNCTION = YES;
				GCC_WARN_UNUSED_VARIABLE = YES;
				IPHONEOS_DEPLOYMENT_TARGET = 15.0;
				MTL_ENABLE_DEBUG_INFO = NO;
				MTL_FAST_MATH = YES;
				SDKROOT = iphoneos;
				SWIFT_COMPILATION_MODE = wholemodule;
				SWIFT_OPTIMIZATION_LEVEL = "-O";
				VALIDATE_PRODUCT = YES;
			};
			name = Release;
		};
		D37000CB1FF9CFFB00EAAB10 /* Debug */ = {
			isa = XCBuildConfiguration;
			buildSettings = {
				ASSETCATALOG_COMPILER_APPICON_NAME = AppIcon;
				ASSETCATALOG_COMPILER_GLOBAL_ACCENT_COLOR_NAME = AccentColor;
				CODE_SIGN_STYLE = Automatic;
				CURRENT_PROJECT_VERSION = 1;
				GENERATE_INFOPLIST_FILE = YES;
				INFOPLIST_FILE = collectionView/Info.plist;
				INFOPLIST_KEY_UIApplicationSupportsIndirectInputEvents = YES;
				INFOPLIST_KEY_UILaunchStoryboardName = LaunchScreen;
				INFOPLIST_KEY_UIMainStoryboardFile = Main;
				INFOPLIST_KEY_UISupportedInterfaceOrientations_iPad = "UIInterfaceOrientationPortrait UIInterfaceOrientationPortraitUpsideDown UIInterfaceOrientationLandscapeLeft UIInterfaceOrientationLandscapeRight";
				INFOPLIST_KEY_UISupportedInterfaceOrientations_iPhone = "UIInterfaceOrientationPortrait UIInterfaceOrientationLandscapeLeft UIInterfaceOrientationLandscapeRight";
				LD_RUNPATH_SEARCH_PATHS = (
					"$(inherited)",
					"@executable_path/Frameworks",
				);
				MARKETING_VERSION = 1.0;
				PRODUCT_BUNDLE_IDENTIFIER = com.Ayush.collectionView;
				PRODUCT_NAME = "$(TARGET_NAME)";
				SWIFT_EMIT_LOC_STRINGS = YES;
				SWIFT_VERSION = 5.0;
				TARGETED_DEVICE_FAMILY = "1,2";
			};
			name = Debug;
		};
		D37000CC1FF9CFFB00EAAB10 /* Release */ = {
			isa = XCBuildConfiguration;
			buildSettings = {
				ASSETCATALOG_COMPILER_APPICON_NAME = AppIcon;
				ASSETCATALOG_COMPILER_GLOBAL_ACCENT_COLOR_NAME = AccentColor;
				CODE_SIGN_STYLE = Automatic;
				CURRENT_PROJECT_VERSION = 1;
				GENERATE_INFOPLIST_FILE = YES;
				INFOPLIST_FILE = collectionView/Info.plist;
				INFOPLIST_KEY_UIApplicationSupportsIndirectInputEvents = YES;
				INFOPLIST_KEY_UILaunchStoryboardName = LaunchScreen;
				INFOPLIST_KEY_UIMainStoryboardFile = Main;
				INFOPLIST_KEY_UISupportedInterfaceOrientations_iPad = "UIInterfaceOrientationPortrait UIInterfaceOrientationPortraitUpsideDown UIInterfaceOrientationLandscapeLeft UIInterfaceOrientationLandscapeRight";
				INFOPLIST_KEY_UISupportedInterfaceOrientations_iPhone = "UIInterfaceOrientationPortrait UIInterfaceOrientationLandscapeLeft UIInterfaceOrientationLandscapeRight";
				LD_RUNPATH_SEARCH_PATHS = (
					"$(inherited)",
					"@executable_path/Frameworks",
				);
				MARKETING_VERSION = 1.0;
				PRODUCT_BUNDLE_IDENTIFIER = com.Ayush.collectionView;
				PRODUCT_NAME = "$(TARGET_NAME)";
				SWIFT_EMIT_LOC_STRINGS = YES;
				SWIFT_VERSION = 5.0;
				TARGETED_DEVICE_FAMILY = "1,2";
			};
			name = Release;
		};
/* End XCBuildConfiguration section */

/* Begin XCConfigurationList section */
		D37000B11FF9CFFA00EAAB10 /* Build configuration list for PBXProject "collectionView" */ = {
			isa = XCConfigurationList;
			buildConfigurations = (
				D37000C81FF9CFFB00EAAB10 /* Debug */,
				D37000C91FF9CFFB00EAAB10 /* Release */,
			);
			defaultConfigurationIsVisible = 0;
			defaultConfigurationName = Release;
		};
		D37000CA1FF9CFFB00EAAB10 /* Build configuration list for PBXNativeTarget "collectionView" */ = {
			isa = XCConfigurationList;
			buildConfigurations = (
				D37000CB1FF9CFFB00EAAB10 /* Debug */,
				D37000CC1FF9CFFB00EAAB10 /* Release */,
			);
			defaultConfigurationIsVisible = 0;
			defaultConfigurationName = Release;
		};
/* End XCConfigurationList section */
	};
	rootObject = D37000AE1FF9CFFA00EAAB10 /* Project object */;
}
